
Microsoft Visual Studio Solution File, Format Version 12.00
# Visual Studio Version 17
VisualStudioVersion = 17.0.32126.317
MinimumVisualStudioVersion = 10.0.40219.1
Project("{FAE04EC0-301F-11D3-BF4B-00C04F79EFBC}") = "TodoApi", "TodoApi\TodoApi.csproj", "{D2BE011E-2DC2-477C-8774-F2167C18E0F9}"
EndProject
Global
	GlobalSection(SolutionConfigurationPlatforms) = preSolution
		Debug|Any CPU = Debug|Any CPU
		Release|Any CPU = Release|Any CPU
	EndGlobalSection
	GlobalSection(ProjectConfigurationPlatforms) = postSolution
		{D2BE011E-2DC2-477C-8774-F2167C18E0F9}.Debug|Any CPU.ActiveCfg = Debug|Any CPU
		{D2BE011E-2DC2-477C-8774-F2167C18E0F9}.Debug|Any CPU.Build.0 = Debug|Any CPU
		{D2BE011E-2DC2-477C-8774-F2167C18E0F9}.Release|Any CPU.ActiveCfg = Release|Any CPU
		{D2BE011E-2DC2-477C-8774-F2167C18E0F9}.Release|Any CPU.Build.0 = Release|Any CPU
	EndGlobalSection
	GlobalSection(SolutionProperties) = preSolution
		HideSolutionNode = FALSE
	EndGlobalSection
	GlobalSection(ExtensibilityGlobals) = postSolution
		SolutionGuid = {AEBF705F-9904-45E8-A3A2-A897FEE48514}
	EndGlobalSection
EndGlobal
